
Microsoft Visual Studio Solution File, Format Version 12.00
# Visual Studio Version 17
VisualStudioVersion = 17.5.33530.505
MinimumVisualStudioVersion = 10.0.40219.1
Project("{9A19103F-16F7-4668-BE54-9A1E7A4F7556}") = "TvJahnOrchesterApp.Application", "TvJahnOrchesterApp.Application\TvJahnOrchesterApp.Application.csproj", "{8E5F8E29-55D4-4DE2-BF92-C0EE1A4629D9}"
EndProject
Project("{9A19103F-16F7-4668-BE54-9A1E7A4F7556}") = "TvJahnOrchesterApp.Domain", "TvJahnOrchesterApp.Domain\TvJahnOrchesterApp.Domain.csproj", "{FF05C730-D58A-49B2-B59B-A2F5E1178D3E}"
EndProject
Project("{9A19103F-16F7-4668-BE54-9A1E7A4F7556}") = "TvJahnOrchesterApp.Infrastructure", "TvJahnOrchesterApp.Infrastructure\TvJahnOrchesterApp.Infrastructure.csproj", "{9F8562A0-438C-4D61-B3C2-E3A7FB8723F1}"
EndProject
Project("{9A19103F-16F7-4668-BE54-9A1E7A4F7556}") = "TvJahnOrchesterApp.Contracts", "TvJahnOrchesterApp.Contracts\TvJahnOrchesterApp.Contracts.csproj", "{43ACF805-01A9-400A-B125-F5CCAC05367C}"
EndProject
Project("{2150E333-8FDC-42A3-9474-1A3956D46DE8}") = "Tests", "Tests", "{B5C7BC49-BA90-4CC8-8479-188BE7790A7C}"
EndProject
Project("{9A19103F-16F7-4668-BE54-9A1E7A4F7556}") = "TvJahnOrchesterApp.Api", "OrchesterApp.Api\TvJahnOrchesterApp.Api.csproj", "{E7D1B09D-8463-42C6-A809-C2359ADD38DA}"
EndProject
Project("{2150E333-8FDC-42A3-9474-1A3956D46DE8}") = "source", "source", "{329C8F4A-4770-4D8B-B1C5-75A508BA04A2}"
EndProject
Project("{2150E333-8FDC-42A3-9474-1A3956D46DE8}") = "Solution Items", "Solution Items", "{A516E22B-F856-4777-90E5-264973964E26}"
	ProjectSection(SolutionItems) = preProject
		.editorconfig = .editorconfig
	EndProjectSection
EndProject
Project("{54A90642-561A-4BB1-A94E-469ADEE60C69}") = "OrchesterApp.Frontend", "OrchesterApp.Frontend\OrchesterApp.Frontend.esproj", "{CA345BD3-D4F1-405B-87AD-3A167CBC30B0}"
EndProject
Project("{FAE04EC0-301F-11D3-BF4B-00C04F79EFBC}") = "TvJahnOrchesterApp.Domain.Tests", "TvJahnOrchesterApp.Domain.Tests\TvJahnOrchesterApp.Domain.Tests.csproj", "{888F29CA-359C-4F00-B33B-9CB927936DEA}"
EndProject
Project("{FAE04EC0-301F-11D3-BF4B-00C04F79EFBC}") = "TvJahnOrchesterApp.Application.Tests", "TvJahnOrchesterApp.Application.Tests\TvJahnOrchesterApp.Application.Tests.csproj", "{E8C329D9-922C-43C9-9C92-A2BB3B5332A4}"
EndProject
Global
	GlobalSection(SolutionConfigurationPlatforms) = preSolution
		Debug|Any CPU = Debug|Any CPU
		Release|Any CPU = Release|Any CPU
	EndGlobalSection
	GlobalSection(ProjectConfigurationPlatforms) = postSolution
		{8E5F8E29-55D4-4DE2-BF92-C0EE1A4629D9}.Debug|Any CPU.ActiveCfg = Debug|Any CPU
		{8E5F8E29-55D4-4DE2-BF92-C0EE1A4629D9}.Debug|Any CPU.Build.0 = Debug|Any CPU
		{8E5F8E29-55D4-4DE2-BF92-C0EE1A4629D9}.Release|Any CPU.ActiveCfg = Release|Any CPU
		{8E5F8E29-55D4-4DE2-BF92-C0EE1A4629D9}.Release|Any CPU.Build.0 = Release|Any CPU
		{FF05C730-D58A-49B2-B59B-A2F5E1178D3E}.Debug|Any CPU.ActiveCfg = Debug|Any CPU
		{FF05C730-D58A-49B2-B59B-A2F5E1178D3E}.Debug|Any CPU.Build.0 = Debug|Any CPU
		{FF05C730-D58A-49B2-B59B-A2F5E1178D3E}.Release|Any CPU.ActiveCfg = Release|Any CPU
		{FF05C730-D58A-49B2-B59B-A2F5E1178D3E}.Release|Any CPU.Build.0 = Release|Any CPU
		{9F8562A0-438C-4D61-B3C2-E3A7FB8723F1}.Debug|Any CPU.ActiveCfg = Debug|Any CPU
		{9F8562A0-438C-4D61-B3C2-E3A7FB8723F1}.Debug|Any CPU.Build.0 = Debug|Any CPU
		{9F8562A0-438C-4D61-B3C2-E3A7FB8723F1}.Release|Any CPU.ActiveCfg = Release|Any CPU
		{9F8562A0-438C-4D61-B3C2-E3A7FB8723F1}.Release|Any CPU.Build.0 = Release|Any CPU
		{43ACF805-01A9-400A-B125-F5CCAC05367C}.Debug|Any CPU.ActiveCfg = Debug|Any CPU
		{43ACF805-01A9-400A-B125-F5CCAC05367C}.Debug|Any CPU.Build.0 = Debug|Any CPU
		{43ACF805-01A9-400A-B125-F5CCAC05367C}.Release|Any CPU.ActiveCfg = Release|Any CPU
		{43ACF805-01A9-400A-B125-F5CCAC05367C}.Release|Any CPU.Build.0 = Release|Any CPU
		{E7D1B09D-8463-42C6-A809-C2359ADD38DA}.Debug|Any CPU.ActiveCfg = Debug|Any CPU
		{E7D1B09D-8463-42C6-A809-C2359ADD38DA}.Debug|Any CPU.Build.0 = Debug|Any CPU
		{E7D1B09D-8463-42C6-A809-C2359ADD38DA}.Release|Any CPU.ActiveCfg = Release|Any CPU
		{E7D1B09D-8463-42C6-A809-C2359ADD38DA}.Release|Any CPU.Build.0 = Release|Any CPU
		{CA345BD3-D4F1-405B-87AD-3A167CBC30B0}.Debug|Any CPU.ActiveCfg = Debug|Any CPU
		{CA345BD3-D4F1-405B-87AD-3A167CBC30B0}.Debug|Any CPU.Build.0 = Debug|Any CPU
		{CA345BD3-D4F1-405B-87AD-3A167CBC30B0}.Debug|Any CPU.Deploy.0 = Debug|Any CPU
		{CA345BD3-D4F1-405B-87AD-3A167CBC30B0}.Release|Any CPU.ActiveCfg = Release|Any CPU
		{CA345BD3-D4F1-405B-87AD-3A167CBC30B0}.Release|Any CPU.Build.0 = Release|Any CPU
		{CA345BD3-D4F1-405B-87AD-3A167CBC30B0}.Release|Any CPU.Deploy.0 = Release|Any CPU
		{888F29CA-359C-4F00-B33B-9CB927936DEA}.Debug|Any CPU.ActiveCfg = Debug|Any CPU
		{888F29CA-359C-4F00-B33B-9CB927936DEA}.Debug|Any CPU.Build.0 = Debug|Any CPU
		{888F29CA-359C-4F00-B33B-9CB927936DEA}.Release|Any CPU.ActiveCfg = Release|Any CPU
		{888F29CA-359C-4F00-B33B-9CB927936DEA}.Release|Any CPU.Build.0 = Release|Any CPU
		{E8C329D9-922C-43C9-9C92-A2BB3B5332A4}.Debug|Any CPU.ActiveCfg = Debug|Any CPU
		{E8C329D9-922C-43C9-9C92-A2BB3B5332A4}.Debug|Any CPU.Build.0 = Debug|Any CPU
		{E8C329D9-922C-43C9-9C92-A2BB3B5332A4}.Release|Any CPU.ActiveCfg = Release|Any CPU
		{E8C329D9-922C-43C9-9C92-A2BB3B5332A4}.Release|Any CPU.Build.0 = Release|Any CPU
	EndGlobalSection
	GlobalSection(SolutionProperties) = preSolution
		HideSolutionNode = FALSE
	EndGlobalSection
	GlobalSection(NestedProjects) = preSolution
		{8E5F8E29-55D4-4DE2-BF92-C0EE1A4629D9} = {329C8F4A-4770-4D8B-B1C5-75A508BA04A2}
		{FF05C730-D58A-49B2-B59B-A2F5E1178D3E} = {329C8F4A-4770-4D8B-B1C5-75A508BA04A2}
		{9F8562A0-438C-4D61-B3C2-E3A7FB8723F1} = {329C8F4A-4770-4D8B-B1C5-75A508BA04A2}
		{43ACF805-01A9-400A-B125-F5CCAC05367C} = {329C8F4A-4770-4D8B-B1C5-75A508BA04A2}
		{E7D1B09D-8463-42C6-A809-C2359ADD38DA} = {329C8F4A-4770-4D8B-B1C5-75A508BA04A2}
		{CA345BD3-D4F1-405B-87AD-3A167CBC30B0} = {329C8F4A-4770-4D8B-B1C5-75A508BA04A2}
		{888F29CA-359C-4F00-B33B-9CB927936DEA} = {B5C7BC49-BA90-4CC8-8479-188BE7790A7C}
		{E8C329D9-922C-43C9-9C92-A2BB3B5332A4} = {B5C7BC49-BA90-4CC8-8479-188BE7790A7C}
	EndGlobalSection
	GlobalSection(ExtensibilityGlobals) = postSolution
		SolutionGuid = {B941AF8D-61A6-4368-835C-FD9BDA688657}
	EndGlobalSection
EndGlobal
